
Microsoft Visual Studio Solution File, Format Version 12.00
# Visual Studio 15
VisualStudioVersion = 15.0.28307.1000
MinimumVisualStudioVersion = 10.0.40219.1
Project("{FAE04EC0-301F-11D3-BF4B-00C04F79EFBC}") = "mantis-tests", "mantis-tests\mantis-tests.csproj", "{54E62561-D3FE-4415-980D-79F950393065}"
EndProject
Global
	GlobalSection(SolutionConfigurationPlatforms) = preSolution
		Debug|Any CPU = Debug|Any CPU
		Release|Any CPU = Release|Any CPU
	EndGlobalSection
	GlobalSection(ProjectConfigurationPlatforms) = postSolution
		{54E62561-D3FE-4415-980D-79F950393065}.Debug|Any CPU.ActiveCfg = Debug|Any CPU
		{54E62561-D3FE-4415-980D-79F950393065}.Debug|Any CPU.Build.0 = Debug|Any CPU
		{54E62561-D3FE-4415-980D-79F950393065}.Release|Any CPU.ActiveCfg = Release|Any CPU
		{54E62561-D3FE-4415-980D-79F950393065}.Release|Any CPU.Build.0 = Release|Any CPU
	EndGlobalSection
	GlobalSection(SolutionProperties) = preSolution
		HideSolutionNode = FALSE
	EndGlobalSection
	GlobalSection(ExtensibilityGlobals) = postSolution
		SolutionGuid = {F19F26AE-E03E-498F-9EAE-4A7ADF90782C}
	EndGlobalSection
EndGlobal
